
Microsoft Visual Studio Solution File, Format Version 12.00
# Visual Studio Version 17
VisualStudioVersion = 17.0.31903.59
MinimumVisualStudioVersion = 10.0.40219.1
Project("{FAE04EC0-301F-11D3-BF4B-00C04F79EFBC}") = "ClientApp", "ClientApp\ClientApp.csproj", "{065D616E-B2A7-4FC9-9784-D24E4379CBCF}"
EndProject
Project("{FAE04EC0-301F-11D3-BF4B-00C04F79EFBC}") = "ServerApp", "ServerApp\ServerApp.csproj", "{EB18617D-D41A-4E20-B30C-C4FC13D1E10A}"
EndProject
Global
	GlobalSection(SolutionConfigurationPlatforms) = preSolution
		Debug|Any CPU = Debug|Any CPU
		Release|Any CPU = Release|Any CPU
	EndGlobalSection
	GlobalSection(SolutionProperties) = preSolution
		HideSolutionNode = FALSE
	EndGlobalSection
	GlobalSection(ProjectConfigurationPlatforms) = postSolution
		{065D616E-B2A7-4FC9-9784-D24E4379CBCF}.Debug|Any CPU.ActiveCfg = Debug|Any CPU
		{065D616E-B2A7-4FC9-9784-D24E4379CBCF}.Debug|Any CPU.Build.0 = Debug|Any CPU
		{065D616E-B2A7-4FC9-9784-D24E4379CBCF}.Release|Any CPU.ActiveCfg = Release|Any CPU
		{065D616E-B2A7-4FC9-9784-D24E4379CBCF}.Release|Any CPU.Build.0 = Release|Any CPU
		{EB18617D-D41A-4E20-B30C-C4FC13D1E10A}.Debug|Any CPU.ActiveCfg = Debug|Any CPU
		{EB18617D-D41A-4E20-B30C-C4FC13D1E10A}.Debug|Any CPU.Build.0 = Debug|Any CPU
		{EB18617D-D41A-4E20-B30C-C4FC13D1E10A}.Release|Any CPU.ActiveCfg = Release|Any CPU
		{EB18617D-D41A-4E20-B30C-C4FC13D1E10A}.Release|Any CPU.Build.0 = Release|Any CPU
	EndGlobalSection
EndGlobal
